
Microsoft Visual Studio Solution File, Format Version 12.00
# Visual Studio 15
VisualStudioVersion = 15.0.28010.2041
MinimumVisualStudioVersion = 10.0.40219.1
Project("{FAE04EC0-301F-11D3-BF4B-00C04F79EFBC}") = "Questionnaire", "Questionnaire\Questionnaire.csproj", "{0325C503-1908-4F9F-B0AB-AEE7C791119B}"
EndProject
Global
	GlobalSection(SolutionConfigurationPlatforms) = preSolution
		Debug|Any CPU = Debug|Any CPU
		Release|Any CPU = Release|Any CPU
	EndGlobalSection
	GlobalSection(ProjectConfigurationPlatforms) = postSolution
		{0325C503-1908-4F9F-B0AB-AEE7C791119B}.Debug|Any CPU.ActiveCfg = Debug|Any CPU
		{0325C503-1908-4F9F-B0AB-AEE7C791119B}.Debug|Any CPU.Build.0 = Debug|Any CPU
		{0325C503-1908-4F9F-B0AB-AEE7C791119B}.Release|Any CPU.ActiveCfg = Release|Any CPU
		{0325C503-1908-4F9F-B0AB-AEE7C791119B}.Release|Any CPU.Build.0 = Release|Any CPU
	EndGlobalSection
	GlobalSection(SolutionProperties) = preSolution
		HideSolutionNode = FALSE
	EndGlobalSection
	GlobalSection(ExtensibilityGlobals) = postSolution
		SolutionGuid = {BA2B17B6-4841-42C7-8FA0-720084AB13A9}
	EndGlobalSection
EndGlobal
